
Microsoft Visual Studio Solution File, Format Version 12.00
# Visual Studio Version 16
VisualStudioVersion = 16.0.30804.86
MinimumVisualStudioVersion = 10.0.40219.1
Project("{FAE04EC0-301F-11D3-BF4B-00C04F79EFBC}") = "HealthZonemr", "HealthZonemr.csproj", "{04BF584B-2308-456E-B9DE-CC47D353982E}"
EndProject
Project("{FAE04EC0-301F-11D3-BF4B-00C04F79EFBC}") = "Helath_Service", "..\Helath_Service\Helath_Service.csproj", "{4CC3AE39-2F35-4E76-BCB9-7C136ABC8EFA}"
EndProject
Project("{FAE04EC0-301F-11D3-BF4B-00C04F79EFBC}") = "Health_Mail_Service", "..\Health_Mail_Service\Health_Mail_Service.csproj", "{84681116-C9CC-40DC-A454-EC372AD9AC4B}"
EndProject
Global
	GlobalSection(SolutionConfigurationPlatforms) = preSolution
		Debug|Any CPU = Debug|Any CPU
		Release|Any CPU = Release|Any CPU
	EndGlobalSection
	GlobalSection(ProjectConfigurationPlatforms) = postSolution
		{04BF584B-2308-456E-B9DE-CC47D353982E}.Debug|Any CPU.ActiveCfg = Debug|Any CPU
		{04BF584B-2308-456E-B9DE-CC47D353982E}.Debug|Any CPU.Build.0 = Debug|Any CPU
		{04BF584B-2308-456E-B9DE-CC47D353982E}.Release|Any CPU.ActiveCfg = Release|Any CPU
		{04BF584B-2308-456E-B9DE-CC47D353982E}.Release|Any CPU.Build.0 = Release|Any CPU
		{4CC3AE39-2F35-4E76-BCB9-7C136ABC8EFA}.Debug|Any CPU.ActiveCfg = Debug|Any CPU
		{4CC3AE39-2F35-4E76-BCB9-7C136ABC8EFA}.Debug|Any CPU.Build.0 = Debug|Any CPU
		{4CC3AE39-2F35-4E76-BCB9-7C136ABC8EFA}.Release|Any CPU.ActiveCfg = Release|Any CPU
		{4CC3AE39-2F35-4E76-BCB9-7C136ABC8EFA}.Release|Any CPU.Build.0 = Release|Any CPU
		{84681116-C9CC-40DC-A454-EC372AD9AC4B}.Debug|Any CPU.ActiveCfg = Debug|Any CPU
		{84681116-C9CC-40DC-A454-EC372AD9AC4B}.Debug|Any CPU.Build.0 = Debug|Any CPU
		{84681116-C9CC-40DC-A454-EC372AD9AC4B}.Release|Any CPU.ActiveCfg = Release|Any CPU
		{84681116-C9CC-40DC-A454-EC372AD9AC4B}.Release|Any CPU.Build.0 = Release|Any CPU
	EndGlobalSection
	GlobalSection(SolutionProperties) = preSolution
		HideSolutionNode = FALSE
	EndGlobalSection
	GlobalSection(ExtensibilityGlobals) = postSolution
		SolutionGuid = {D7EE3A2E-3A77-4173-9865-E44ED0B3D580}
	EndGlobalSection
EndGlobal
